<?xml version="1.0" encoding="utf-8"?>
<Project ToolsVersion="4.0" xmlns="http://schemas.microsoft.com/developer/msbuild/2003">
  <ItemGroup>
    <Filter Include="Source Files">
      <UniqueIdentifier>{4FC737F1-C7A5-4376-A066-2A32D752A2FF}</UniqueIdentifier>
      <Extensions>cpp;c;cc;cxx;c++;def;odl;idl;hpj;bat;asm;asmx</Extensions>
    </Filter>
    <Filter Include="Header Files">
      <UniqueIdentifier>{93995380-89BD-4b04-88EB-625FBE52EBFB}</UniqueIdentifier>
      <Extensions>h;hh;hpp;hxx;h++;hm;inl;inc;ipp;xsd</Extensions>
    </Filter>
    <Filter Include="Resource Files">
      <UniqueIdentifier>{67DA6AB6-F800-4c08-8B7A-83BB121AAD01}</UniqueIdentifier>
      <Extensions>rc;ico;cur;bmp;dlg;rc2;rct;bin;rgs;gif;jpg;jpeg;jpe;resx;tiff;tif;png;wav;mfcribbon-ms</Extensions>
    </Filter>
    <Filter Include="Helpers">
      <UniqueIdentifier>{9f453a0d-40e9-4b96-acfd-0e68a56d5dda}</UniqueIdentifier>
    </Filter>
    <Filter Include="External">
      <UniqueIdentifier>{8216f5c3-a357-4eb8-a7e4-3854022a927a}</UniqueIdentifier>
    </Filter>
    <Filter Include="ImGui">
      <UniqueIdentifier>{567dfeb0-c54b-40f1-9c8b-4922b10408e8}</UniqueIdentifier>
    </Filter>
    <Filter Include="Source Files\Systems">
      <UniqueIdentifier>{06395e5d-bc36-41e4-acc3-8dc1f32d3072}</UniqueIdentifier>
    </Filter>
    <Filter Include="Source Files\Systems\Renderer">
      <UniqueIdentifier>{a935814d-b134-4237-b972-8a1719a1580b}</UniqueIdentifier>
    </Filter>
    <Filter Include="Source Files\Systems\Renderer\Materials">
      <UniqueIdentifier>{717b3603-9ced-45c5-b251-4769d94bed14}</UniqueIdentifier>
    </Filter>
    <Filter Include="Source Files\Systems\Scene">
      <UniqueIdentifier>{45362149-1299-47d3-8cce-891e5594ee8b}</UniqueIdentifier>
    </Filter>
    <Filter Include="Source Files\Systems\Scene\Entities">
      <UniqueIdentifier>{223412b0-3ad9-4c2d-9fc3-8b4f3d2e7db8}</UniqueIdentifier>
    </Filter>
    <Filter Include="Header Files\Systems">
      <UniqueIdentifier>{96921271-f1c4-4e93-89ff-a346ba00666a}</UniqueIdentifier>
    </Filter>
    <Filter Include="Header Files\Systems\Scene">
      <UniqueIdentifier>{c4446167-5ed8-44bf-a1a5-ee7528d0d357}</UniqueIdentifier>
    </Filter>
    <Filter Include="Header Files\Systems\Scene\Entities">
      <UniqueIdentifier>{0fa38a02-543e-4b22-a584-52a44e30adc6}</UniqueIdentifier>
    </Filter>
    <Filter Include="Header Files\Systems\Renderer">
      <UniqueIdentifier>{5c2e68e6-503b-4d95-a98d-cc7c70ec26d9}</UniqueIdentifier>
    </Filter>
    <Filter Include="Header Files\Systems\Renderer\Materials">
      <UniqueIdentifier>{c09d9fbe-2b8d-4abb-8f8b-7ee9202d92aa}</UniqueIdentifier>
    </Filter>
    <Filter Include="Header Files\Messages">
      <UniqueIdentifier>{f92640d0-1123-4ebc-8761-87d9fcd0c578}</UniqueIdentifier>
    </Filter>
  </ItemGroup>
  <ItemGroup>
    <ClCompile Include="Camera.cpp">
      <Filter>Helpers</Filter>
    </ClCompile>
    <ClCompile Include="Helper.cpp">
      <Filter>Helpers</Filter>
    </ClCompile>
    <ClCompile Include="ImageLoader.cpp">
      <Filter>Helpers</Filter>
    </ClCompile>
    <ClCompile Include="Mesh.cpp">
      <Filter>Helpers</Filter>
    </ClCompile>
    <ClCompile Include="main.cpp">
      <Filter>Source Files</Filter>
    </ClCompile>
    <ClCompile Include="..\External\GLEW\glew.c">
      <Filter>External</Filter>
    </ClCompile>
    <ClCompile Include="..\External\ImGui\imgui.cpp">
      <Filter>ImGui</Filter>
    </ClCompile>
    <ClCompile Include="..\External\ImGui\imgui_demo.cpp">
      <Filter>ImGui</Filter>
    </ClCompile>
    <ClCompile Include="..\External\ImGui\imgui_draw.cpp">
      <Filter>ImGui</Filter>
    </ClCompile>
    <ClCompile Include="..\External\ImGui\imgui_impl_glfw.cpp">
      <Filter>ImGui</Filter>
    </ClCompile>
    <ClCompile Include="..\External\ImGui\imgui_impl_opengl3.cpp">
      <Filter>ImGui</Filter>
    </ClCompile>
    <ClCompile Include="..\External\ImGui\imgui_widgets.cpp">
      <Filter>ImGui</Filter>
    </ClCompile>
    <ClCompile Include="Engine.cpp">
      <Filter>Source Files</Filter>
    </ClCompile>
    <ClCompile Include="TNAPImGui.cpp">
      <Filter>Source Files</Filter>
    </ClCompile>
    <ClCompile Include="System.cpp">
      <Filter>Source Files\Systems</Filter>
    </ClCompile>
    <ClCompile Include="Model.cpp">
      <Filter>Source Files\Systems\Renderer</Filter>
    </ClCompile>
    <ClCompile Include="FrameBuffer.cpp">
      <Filter>Source Files\Systems\Renderer</Filter>
    </ClCompile>
    <ClCompile Include="Renderer3D.cpp">
      <Filter>Source Files\Systems\Renderer</Filter>
    </ClCompile>
    <ClCompile Include="Material.cpp">
      <Filter>Source Files\Systems\Renderer\Materials</Filter>
    </ClCompile>
    <ClCompile Include="PBR.cpp">
      <Filter>Source Files\Systems\Renderer\Materials</Filter>
    </ClCompile>
    <ClCompile Include="UnlitTexture.cpp">
      <Filter>Source Files\Systems\Renderer\Materials</Filter>
    </ClCompile>
    <ClCompile Include="Entity.cpp">
      <Filter>Source Files\Systems\Scene\Entities</Filter>
    </ClCompile>
    <ClCompile Include="Renderable.cpp">
      <Filter>Source Files\Systems\Scene\Entities</Filter>
    </ClCompile>
    <ClCompile Include="PointLight.cpp">
      <Filter>Source Files\Systems\Scene\Entities</Filter>
    </ClCompile>
    <ClCompile Include="SpotLight.cpp">
      <Filter>Source Files\Systems\Scene\Entities</Filter>
    </ClCompile>
    <ClCompile Include="Light.cpp">
      <Filter>Source Files\Systems\Scene\Entities</Filter>
    </ClCompile>
    <ClCompile Include="Scene.cpp">
      <Filter>Source Files\Systems\Scene</Filter>
    </ClCompile>
    <ClCompile Include="SceneManager.cpp">
      <Filter>Source Files\Systems\Scene</Filter>
    </ClCompile>
    <ClCompile Include="Simulation.cpp">
      <Filter>Source Files\Systems\Scene</Filter>
    </ClCompile>
    <ClCompile Include="Transform.cpp">
      <Filter>Source Files\Systems\Scene\Entities</Filter>
    </ClCompile>
  </ItemGroup>
  <ItemGroup>
    <ClInclude Include="Camera.h">
      <Filter>Helpers</Filter>
    </ClInclude>
    <ClInclude Include="ExternalLibraryHeaders.h">
      <Filter>Helpers</Filter>
    </ClInclude>
    <ClInclude Include="Helper.h">
      <Filter>Helpers</Filter>
    </ClInclude>
    <ClInclude Include="ImageLoader.h">
      <Filter>Helpers</Filter>
    </ClInclude>
    <ClInclude Include="Mesh.h">
      <Filter>Helpers</Filter>
    </ClInclude>
    <ClInclude Include="..\External\ImGui\imconfig.h">
      <Filter>ImGui</Filter>
    </ClInclude>
    <ClInclude Include="..\External\ImGui\imgui.h">
      <Filter>ImGui</Filter>
    </ClInclude>
    <ClInclude Include="..\External\ImGui\imgui_impl_glfw.h">
      <Filter>ImGui</Filter>
    </ClInclude>
    <ClInclude Include="..\External\ImGui\imgui_impl_opengl3.h">
      <Filter>ImGui</Filter>
    </ClInclude>
    <ClInclude Include="..\External\ImGui\imgui_internal.h">
      <Filter>ImGui</Filter>
    </ClInclude>
    <ClInclude Include="..\External\ImGui\imstb_rectpack.h">
      <Filter>ImGui</Filter>
    </ClInclude>
    <ClInclude Include="..\External\ImGui\imstb_textedit.h">
      <Filter>ImGui</Filter>
    </ClInclude>
    <ClInclude Include="..\External\ImGui\imstb_truetype.h">
      <Filter>ImGui</Filter>
    </ClInclude>
    <ClInclude Include="Engine.hpp">
      <Filter>Header Files</Filter>
    </ClInclude>
    <ClInclude Include="TNAPImGui.hpp">
      <Filter>Header Files</Filter>
    </ClInclude>
    <ClInclude Include="ImGuiInclude.hpp">
      <Filter>Header Files</Filter>
    </ClInclude>
    <ClInclude Include="System.hpp">
      <Filter>Header Files\Systems</Filter>
    </ClInclude>
    <ClInclude Include="Entity.hpp">
      <Filter>Header Files\Systems\Scene\Entities</Filter>
    </ClInclude>
    <ClInclude Include="Light.hpp">
      <Filter>Header Files\Systems\Scene\Entities</Filter>
    </ClInclude>
    <ClInclude Include="Renderable.hpp">
      <Filter>Header Files\Systems\Scene\Entities</Filter>
    </ClInclude>
    <ClInclude Include="SpotLight.hpp">
      <Filter>Header Files\Systems\Scene\Entities</Filter>
    </ClInclude>
    <ClInclude Include="Transform.hpp">
      <Filter>Header Files\Systems\Scene\Entities</Filter>
    </ClInclude>
    <ClInclude Include="Scene.hpp">
      <Filter>Header Files\Systems\Scene</Filter>
    </ClInclude>
    <ClInclude Include="SceneManager.hpp">
      <Filter>Header Files\Systems\Scene</Filter>
    </ClInclude>
    <ClInclude Include="Simulation.h">
      <Filter>Header Files\Systems\Scene</Filter>
    </ClInclude>
    <ClInclude Include="UnlitTexture.hpp">
      <Filter>Header Files\Systems\Renderer\Materials</Filter>
    </ClInclude>
    <ClInclude Include="PBR.hpp">
      <Filter>Header Files\Systems\Renderer\Materials</Filter>
    </ClInclude>
    <ClInclude Include="Material.hpp">
      <Filter>Header Files\Systems\Renderer\Materials</Filter>
    </ClInclude>
    <ClInclude Include="FrameBuffer.hpp">
      <Filter>Header Files\Systems\Renderer</Filter>
    </ClInclude>
    <ClInclude Include="Model.hpp">
      <Filter>Header Files\Systems\Renderer</Filter>
    </ClInclude>
    <ClInclude Include="Renderer3D.hpp">
      <Filter>Header Files\Systems\Renderer</Filter>
    </ClInclude>
    <ClInclude Include="PointLight.hpp">
      <Filter>Header Files\Systems\Scene\Entities</Filter>
    </ClInclude>
    <ClInclude Include="Message.hpp">
      <Filter>Header Files\Messages</Filter>
    </ClInclude>
    <ClInclude Include="GetTextureMessage.hpp">
      <Filter>Header Files\Messages</Filter>
    </ClInclude>
  </ItemGroup>
</Project>