
Microsoft Visual Studio Solution File, Format Version 12.00
# Visual Studio Version 16
VisualStudioVersion = 16.0.29215.179
MinimumVisualStudioVersion = 10.0.40219.1
Project("{8BC9CEB8-8B4A-11D0-8D11-00A0C91BC942}") = "Client", "Client\Client.vcxproj", "{B7C082A6-66D2-4ABB-9145-36E305BC48F2}"
EndProject
Project("{8BC9CEB8-8B4A-11D0-8D11-00A0C91BC942}") = "Server", "Server\Server.vcxproj", "{15BE32EA-80D0-4E38-A6F5-1AABF4EF47A7}"
EndProject
Project("{2150E333-8FDC-42A3-9474-1A3956D46DE8}") = "Shaders", "Shaders", "{D21B0186-629D-4AC1-A413-4277A86739ED}"
EndProject
Project("{2150E333-8FDC-42A3-9474-1A3956D46DE8}") = "Unlit", "Unlit", "{14EC4241-DECC-46B5-AEAE-86C00BFBF815}"
	ProjectSection(SolutionItems) = preProject
		Client\Data\Shaders\unlit_fragment_shader.glsl = Client\Data\Shaders\unlit_fragment_shader.glsl
		Client\Data\Shaders\unlit_vertex_shader.glsl = Client\Data\Shaders\unlit_vertex_shader.glsl
	EndProjectSection
EndProject
Project("{2150E333-8FDC-42A3-9474-1A3956D46DE8}") = "UnlitTexture", "UnlitTexture", "{4D5548A8-4833-43DA-9F82-FC0EEBD19470}"
	ProjectSection(SolutionItems) = preProject
		Client\Data\Shaders\unlitTexture_fragment_shader.glsl = Client\Data\Shaders\unlitTexture_fragment_shader.glsl
		Client\Data\Shaders\unlitTexture_vertex_shader.glsl = Client\Data\Shaders\unlitTexture_vertex_shader.glsl
	EndProjectSection
EndProject
Project("{2150E333-8FDC-42A3-9474-1A3956D46DE8}") = "PBR", "PBR", "{A925AD65-2D8E-4160-BECB-4D272A67616E}"
	ProjectSection(SolutionItems) = preProject
		Client\Data\Shaders\PBR_fragment_shader.glsl = Client\Data\Shaders\PBR_fragment_shader.glsl
		Client\Data\Shaders\PBR_vertex_shader.glsl = Client\Data\Shaders\PBR_vertex_shader.glsl
	EndProjectSection
EndProject
Global
	GlobalSection(SolutionConfigurationPlatforms) = preSolution
		Debug|x64 = Debug|x64
		Release|x64 = Release|x64
	EndGlobalSection
	GlobalSection(ProjectConfigurationPlatforms) = postSolution
		{B7C082A6-66D2-4ABB-9145-36E305BC48F2}.Debug|x64.ActiveCfg = Debug|x64
		{B7C082A6-66D2-4ABB-9145-36E305BC48F2}.Debug|x64.Build.0 = Debug|x64
		{B7C082A6-66D2-4ABB-9145-36E305BC48F2}.Release|x64.ActiveCfg = Release|x64
		{B7C082A6-66D2-4ABB-9145-36E305BC48F2}.Release|x64.Build.0 = Release|x64
		{15BE32EA-80D0-4E38-A6F5-1AABF4EF47A7}.Debug|x64.ActiveCfg = Debug|x64
		{15BE32EA-80D0-4E38-A6F5-1AABF4EF47A7}.Debug|x64.Build.0 = Debug|x64
		{15BE32EA-80D0-4E38-A6F5-1AABF4EF47A7}.Release|x64.ActiveCfg = Release|x64
		{15BE32EA-80D0-4E38-A6F5-1AABF4EF47A7}.Release|x64.Build.0 = Release|x64
	EndGlobalSection
	GlobalSection(SolutionProperties) = preSolution
		HideSolutionNode = FALSE
	EndGlobalSection
	GlobalSection(NestedProjects) = preSolution
		{14EC4241-DECC-46B5-AEAE-86C00BFBF815} = {D21B0186-629D-4AC1-A413-4277A86739ED}
		{4D5548A8-4833-43DA-9F82-FC0EEBD19470} = {D21B0186-629D-4AC1-A413-4277A86739ED}
		{A925AD65-2D8E-4160-BECB-4D272A67616E} = {D21B0186-629D-4AC1-A413-4277A86739ED}
	EndGlobalSection
	GlobalSection(ExtensibilityGlobals) = postSolution
		SolutionGuid = {5D504319-1AAA-4F9B-9F93-93BA8946B845}
	EndGlobalSection
EndGlobal
